
Microsoft Visual Studio Solution File, Format Version 12.00
# Visual Studio 2013
VisualStudioVersion = 12.0.31101.0
MinimumVisualStudioVersion = 10.0.40219.1
Project("{FAE04EC0-301F-11D3-BF4B-00C04F79EFBC}") = "ScratchWCF.ReadCoats", "ScratchWCF.ReadCoats\ScratchWCF.ReadCoats.csproj", "{8BBA3A7B-E694-4E40-90C1-6EFA09C86FE2}"
EndProject
Project("{FAE04EC0-301F-11D3-BF4B-00C04F79EFBC}") = "ScratchWCF.SignXML", "ScratchWCF.SignXML\ScratchWCF.SignXML.csproj", "{65BB6A92-698C-4ACC-A674-7EF3D89DFB67}"
EndProject
Project("{FAE04EC0-301F-11D3-BF4B-00C04F79EFBC}") = "ValueProducer", "ValueProducer\ValueProducer.csproj", "{3DBCC44E-EDFD-4BDF-8A90-F7A8320A57CC}"
EndProject
Global
	GlobalSection(SubversionScc) = preSolution
		Svn-Managed = True
		Manager = AnkhSVN - Subversion Support for Visual Studio
	EndGlobalSection
	GlobalSection(SolutionConfigurationPlatforms) = preSolution
		Debug|Any CPU = Debug|Any CPU
		Release|Any CPU = Release|Any CPU
	EndGlobalSection
	GlobalSection(ProjectConfigurationPlatforms) = postSolution
		{8BBA3A7B-E694-4E40-90C1-6EFA09C86FE2}.Debug|Any CPU.ActiveCfg = Debug|Any CPU
		{8BBA3A7B-E694-4E40-90C1-6EFA09C86FE2}.Debug|Any CPU.Build.0 = Debug|Any CPU
		{8BBA3A7B-E694-4E40-90C1-6EFA09C86FE2}.Release|Any CPU.ActiveCfg = Release|Any CPU
		{8BBA3A7B-E694-4E40-90C1-6EFA09C86FE2}.Release|Any CPU.Build.0 = Release|Any CPU
		{65BB6A92-698C-4ACC-A674-7EF3D89DFB67}.Debug|Any CPU.ActiveCfg = Debug|Any CPU
		{65BB6A92-698C-4ACC-A674-7EF3D89DFB67}.Debug|Any CPU.Build.0 = Debug|Any CPU
		{65BB6A92-698C-4ACC-A674-7EF3D89DFB67}.Release|Any CPU.ActiveCfg = Release|Any CPU
		{65BB6A92-698C-4ACC-A674-7EF3D89DFB67}.Release|Any CPU.Build.0 = Release|Any CPU
		{3DBCC44E-EDFD-4BDF-8A90-F7A8320A57CC}.Debug|Any CPU.ActiveCfg = Debug|Any CPU
		{3DBCC44E-EDFD-4BDF-8A90-F7A8320A57CC}.Debug|Any CPU.Build.0 = Debug|Any CPU
		{3DBCC44E-EDFD-4BDF-8A90-F7A8320A57CC}.Release|Any CPU.ActiveCfg = Release|Any CPU
		{3DBCC44E-EDFD-4BDF-8A90-F7A8320A57CC}.Release|Any CPU.Build.0 = Release|Any CPU
	EndGlobalSection
	GlobalSection(SolutionProperties) = preSolution
		HideSolutionNode = FALSE
	EndGlobalSection
EndGlobal
