
Microsoft Visual Studio Solution File, Format Version 11.00
# Visual Studio 2010
Project("{FAE04EC0-301F-11D3-BF4B-00C04F79EFBC}") = "WebServiceDemo", "WebServiceDemo\WebServiceDemo.csproj", "{64DCC7D6-AEE1-4A2F-B09F-B45F5BF982A6}"
EndProject
Project("{FAE04EC0-301F-11D3-BF4B-00C04F79EFBC}") = "HelloWebClient", "HelloWebClient\HelloWebClient.csproj", "{84312C32-7072-4A2D-963D-6ECF361F94E3}"
	ProjectSection(ProjectDependencies) = postProject
		{64DCC7D6-AEE1-4A2F-B09F-B45F5BF982A6} = {64DCC7D6-AEE1-4A2F-B09F-B45F5BF982A6}
	EndProjectSection
EndProject
Global
	GlobalSection(SolutionConfigurationPlatforms) = preSolution
		Debug|Any CPU = Debug|Any CPU
		Release|Any CPU = Release|Any CPU
	EndGlobalSection
	GlobalSection(ProjectConfigurationPlatforms) = postSolution
		{64DCC7D6-AEE1-4A2F-B09F-B45F5BF982A6}.Debug|Any CPU.ActiveCfg = Debug|Any CPU
		{64DCC7D6-AEE1-4A2F-B09F-B45F5BF982A6}.Debug|Any CPU.Build.0 = Debug|Any CPU
		{64DCC7D6-AEE1-4A2F-B09F-B45F5BF982A6}.Release|Any CPU.ActiveCfg = Release|Any CPU
		{64DCC7D6-AEE1-4A2F-B09F-B45F5BF982A6}.Release|Any CPU.Build.0 = Release|Any CPU
		{84312C32-7072-4A2D-963D-6ECF361F94E3}.Debug|Any CPU.ActiveCfg = Debug|Any CPU
		{84312C32-7072-4A2D-963D-6ECF361F94E3}.Debug|Any CPU.Build.0 = Debug|Any CPU
		{84312C32-7072-4A2D-963D-6ECF361F94E3}.Release|Any CPU.ActiveCfg = Release|Any CPU
		{84312C32-7072-4A2D-963D-6ECF361F94E3}.Release|Any CPU.Build.0 = Release|Any CPU
	EndGlobalSection
	GlobalSection(SolutionProperties) = preSolution
		HideSolutionNode = FALSE
	EndGlobalSection
EndGlobal
