
Microsoft Visual Studio Solution File, Format Version 12.00
# Visual Studio 2013
VisualStudioVersion = 12.0.31101.0
MinimumVisualStudioVersion = 10.0.40219.1
Project("{FAE04EC0-301F-11D3-BF4B-00C04F79EFBC}") = "IOCforMVC.Web", "IOCforMVC.Web\IOCforMVC.Web.csproj", "{A7EF0262-A83D-45F4-A634-AFDF4A150C91}"
EndProject
Project("{FAE04EC0-301F-11D3-BF4B-00C04F79EFBC}") = "IOCforMVC.Tests", "IOCforMVC.Tests\IOCforMVC.Tests.csproj", "{51DBA25D-AF95-422C-9F87-590F6B4F6BEE}"
EndProject
Project("{2150E333-8FDC-42A3-9474-1A3956D46DE8}") = ".nuget", ".nuget", "{02EDA8EE-1451-4B3C-B4BE-48CBD11C28AB}"
	ProjectSection(SolutionItems) = preProject
		.nuget\NuGet.Config = .nuget\NuGet.Config
		.nuget\NuGet.exe = .nuget\NuGet.exe
		.nuget\NuGet.targets = .nuget\NuGet.targets
	EndProjectSection
EndProject
Global
	GlobalSection(SolutionConfigurationPlatforms) = preSolution
		Debug|Any CPU = Debug|Any CPU
		Release|Any CPU = Release|Any CPU
	EndGlobalSection
	GlobalSection(ProjectConfigurationPlatforms) = postSolution
		{A7EF0262-A83D-45F4-A634-AFDF4A150C91}.Debug|Any CPU.ActiveCfg = Debug|Any CPU
		{A7EF0262-A83D-45F4-A634-AFDF4A150C91}.Debug|Any CPU.Build.0 = Debug|Any CPU
		{A7EF0262-A83D-45F4-A634-AFDF4A150C91}.Release|Any CPU.ActiveCfg = Release|Any CPU
		{A7EF0262-A83D-45F4-A634-AFDF4A150C91}.Release|Any CPU.Build.0 = Release|Any CPU
		{51DBA25D-AF95-422C-9F87-590F6B4F6BEE}.Debug|Any CPU.ActiveCfg = Debug|Any CPU
		{51DBA25D-AF95-422C-9F87-590F6B4F6BEE}.Debug|Any CPU.Build.0 = Debug|Any CPU
		{51DBA25D-AF95-422C-9F87-590F6B4F6BEE}.Release|Any CPU.ActiveCfg = Release|Any CPU
		{51DBA25D-AF95-422C-9F87-590F6B4F6BEE}.Release|Any CPU.Build.0 = Release|Any CPU
	EndGlobalSection
	GlobalSection(SolutionProperties) = preSolution
		HideSolutionNode = FALSE
	EndGlobalSection
EndGlobal
