
Microsoft Visual Studio Solution File, Format Version 11.00
# Visual Studio 2010
Project("{FAE04EC0-301F-11D3-BF4B-00C04F79EFBC}") = "IHelloRemotingService", "IHelloRemotingService\IHelloRemotingService.csproj", "{B0EC17AD-E7A9-45CB-A67A-10C1EDB454B4}"
EndProject
Project("{FAE04EC0-301F-11D3-BF4B-00C04F79EFBC}") = "HelloRemotingService", "HelloRemotingService\HelloRemotingService.csproj", "{2DC06425-4EB5-4AB3-95F8-98E99BF9864D}"
EndProject
Project("{FAE04EC0-301F-11D3-BF4B-00C04F79EFBC}") = "RemotingServiceHost", "RemotingServiceHost\RemotingServiceHost.csproj", "{FA7AC0D5-8EC4-45B1-9B7A-1541985CC262}"
EndProject
Project("{FAE04EC0-301F-11D3-BF4B-00C04F79EFBC}") = "HelloRemotingServiceClient", "HelloRemotingServiceClient\HelloRemotingServiceClient.csproj", "{6CE7C96E-9DE6-4436-8B02-0C1F8B0DD2BE}"
EndProject
Global
	GlobalSection(SolutionConfigurationPlatforms) = preSolution
		Debug|Any CPU = Debug|Any CPU
		Debug|Mixed Platforms = Debug|Mixed Platforms
		Debug|x86 = Debug|x86
		Release|Any CPU = Release|Any CPU
		Release|Mixed Platforms = Release|Mixed Platforms
		Release|x86 = Release|x86
	EndGlobalSection
	GlobalSection(ProjectConfigurationPlatforms) = postSolution
		{B0EC17AD-E7A9-45CB-A67A-10C1EDB454B4}.Debug|Any CPU.ActiveCfg = Debug|Any CPU
		{B0EC17AD-E7A9-45CB-A67A-10C1EDB454B4}.Debug|Any CPU.Build.0 = Debug|Any CPU
		{B0EC17AD-E7A9-45CB-A67A-10C1EDB454B4}.Debug|Mixed Platforms.ActiveCfg = Debug|Any CPU
		{B0EC17AD-E7A9-45CB-A67A-10C1EDB454B4}.Debug|Mixed Platforms.Build.0 = Debug|Any CPU
		{B0EC17AD-E7A9-45CB-A67A-10C1EDB454B4}.Debug|x86.ActiveCfg = Debug|Any CPU
		{B0EC17AD-E7A9-45CB-A67A-10C1EDB454B4}.Release|Any CPU.ActiveCfg = Release|Any CPU
		{B0EC17AD-E7A9-45CB-A67A-10C1EDB454B4}.Release|Any CPU.Build.0 = Release|Any CPU
		{B0EC17AD-E7A9-45CB-A67A-10C1EDB454B4}.Release|Mixed Platforms.ActiveCfg = Release|Any CPU
		{B0EC17AD-E7A9-45CB-A67A-10C1EDB454B4}.Release|Mixed Platforms.Build.0 = Release|Any CPU
		{B0EC17AD-E7A9-45CB-A67A-10C1EDB454B4}.Release|x86.ActiveCfg = Release|Any CPU
		{2DC06425-4EB5-4AB3-95F8-98E99BF9864D}.Debug|Any CPU.ActiveCfg = Debug|Any CPU
		{2DC06425-4EB5-4AB3-95F8-98E99BF9864D}.Debug|Any CPU.Build.0 = Debug|Any CPU
		{2DC06425-4EB5-4AB3-95F8-98E99BF9864D}.Debug|Mixed Platforms.ActiveCfg = Debug|Any CPU
		{2DC06425-4EB5-4AB3-95F8-98E99BF9864D}.Debug|Mixed Platforms.Build.0 = Debug|Any CPU
		{2DC06425-4EB5-4AB3-95F8-98E99BF9864D}.Debug|x86.ActiveCfg = Debug|Any CPU
		{2DC06425-4EB5-4AB3-95F8-98E99BF9864D}.Release|Any CPU.ActiveCfg = Release|Any CPU
		{2DC06425-4EB5-4AB3-95F8-98E99BF9864D}.Release|Any CPU.Build.0 = Release|Any CPU
		{2DC06425-4EB5-4AB3-95F8-98E99BF9864D}.Release|Mixed Platforms.ActiveCfg = Release|Any CPU
		{2DC06425-4EB5-4AB3-95F8-98E99BF9864D}.Release|Mixed Platforms.Build.0 = Release|Any CPU
		{2DC06425-4EB5-4AB3-95F8-98E99BF9864D}.Release|x86.ActiveCfg = Release|Any CPU
		{FA7AC0D5-8EC4-45B1-9B7A-1541985CC262}.Debug|Any CPU.ActiveCfg = Debug|x86
		{FA7AC0D5-8EC4-45B1-9B7A-1541985CC262}.Debug|Mixed Platforms.ActiveCfg = Debug|x86
		{FA7AC0D5-8EC4-45B1-9B7A-1541985CC262}.Debug|Mixed Platforms.Build.0 = Debug|x86
		{FA7AC0D5-8EC4-45B1-9B7A-1541985CC262}.Debug|x86.ActiveCfg = Debug|x86
		{FA7AC0D5-8EC4-45B1-9B7A-1541985CC262}.Debug|x86.Build.0 = Debug|x86
		{FA7AC0D5-8EC4-45B1-9B7A-1541985CC262}.Release|Any CPU.ActiveCfg = Release|x86
		{FA7AC0D5-8EC4-45B1-9B7A-1541985CC262}.Release|Mixed Platforms.ActiveCfg = Release|x86
		{FA7AC0D5-8EC4-45B1-9B7A-1541985CC262}.Release|Mixed Platforms.Build.0 = Release|x86
		{FA7AC0D5-8EC4-45B1-9B7A-1541985CC262}.Release|x86.ActiveCfg = Release|x86
		{FA7AC0D5-8EC4-45B1-9B7A-1541985CC262}.Release|x86.Build.0 = Release|x86
		{6CE7C96E-9DE6-4436-8B02-0C1F8B0DD2BE}.Debug|Any CPU.ActiveCfg = Debug|x86
		{6CE7C96E-9DE6-4436-8B02-0C1F8B0DD2BE}.Debug|Mixed Platforms.ActiveCfg = Debug|x86
		{6CE7C96E-9DE6-4436-8B02-0C1F8B0DD2BE}.Debug|Mixed Platforms.Build.0 = Debug|x86
		{6CE7C96E-9DE6-4436-8B02-0C1F8B0DD2BE}.Debug|x86.ActiveCfg = Debug|x86
		{6CE7C96E-9DE6-4436-8B02-0C1F8B0DD2BE}.Debug|x86.Build.0 = Debug|x86
		{6CE7C96E-9DE6-4436-8B02-0C1F8B0DD2BE}.Release|Any CPU.ActiveCfg = Release|x86
		{6CE7C96E-9DE6-4436-8B02-0C1F8B0DD2BE}.Release|Mixed Platforms.ActiveCfg = Release|x86
		{6CE7C96E-9DE6-4436-8B02-0C1F8B0DD2BE}.Release|Mixed Platforms.Build.0 = Release|x86
		{6CE7C96E-9DE6-4436-8B02-0C1F8B0DD2BE}.Release|x86.ActiveCfg = Release|x86
		{6CE7C96E-9DE6-4436-8B02-0C1F8B0DD2BE}.Release|x86.Build.0 = Release|x86
	EndGlobalSection
	GlobalSection(SolutionProperties) = preSolution
		HideSolutionNode = FALSE
	EndGlobalSection
EndGlobal
