
Microsoft Visual Studio Solution File, Format Version 12.00
# Visual Studio 2012
Project("{FAE04EC0-301F-11D3-BF4B-00C04F79EFBC}") = "TimerConsole", "TimerConsole\TimerConsole.csproj", "{4E7BE55C-668B-4E74-B837-553D90B910AF}"
EndProject
Global
	GlobalSection(SolutionConfigurationPlatforms) = preSolution
		Debug|Any CPU = Debug|Any CPU
		Release|Any CPU = Release|Any CPU
	EndGlobalSection
	GlobalSection(ProjectConfigurationPlatforms) = postSolution
		{4E7BE55C-668B-4E74-B837-553D90B910AF}.Debug|Any CPU.ActiveCfg = Debug|Any CPU
		{4E7BE55C-668B-4E74-B837-553D90B910AF}.Debug|Any CPU.Build.0 = Debug|Any CPU
		{4E7BE55C-668B-4E74-B837-553D90B910AF}.Release|Any CPU.ActiveCfg = Release|Any CPU
		{4E7BE55C-668B-4E74-B837-553D90B910AF}.Release|Any CPU.Build.0 = Release|Any CPU
	EndGlobalSection
	GlobalSection(SolutionProperties) = preSolution
		HideSolutionNode = FALSE
	EndGlobalSection
EndGlobal
