
Microsoft Visual Studio Solution File, Format Version 11.00
# Visual Studio 2010
Project("{FAE04EC0-301F-11D3-BF4B-00C04F79EFBC}") = "Training.WCF.WebClient.Project1", "Training.WCF.WebClient.Project1\Training.WCF.WebClient.Project1.csproj", "{72030D6B-6729-4FDD-A210-C9354111D65E}"
EndProject
Global
	GlobalSection(SolutionConfigurationPlatforms) = preSolution
		Debug|Any CPU = Debug|Any CPU
		Release|Any CPU = Release|Any CPU
	EndGlobalSection
	GlobalSection(ProjectConfigurationPlatforms) = postSolution
		{72030D6B-6729-4FDD-A210-C9354111D65E}.Debug|Any CPU.ActiveCfg = Debug|Any CPU
		{72030D6B-6729-4FDD-A210-C9354111D65E}.Debug|Any CPU.Build.0 = Debug|Any CPU
		{72030D6B-6729-4FDD-A210-C9354111D65E}.Release|Any CPU.ActiveCfg = Release|Any CPU
		{72030D6B-6729-4FDD-A210-C9354111D65E}.Release|Any CPU.Build.0 = Release|Any CPU
	EndGlobalSection
	GlobalSection(SolutionProperties) = preSolution
		HideSolutionNode = FALSE
	EndGlobalSection
EndGlobal
