
Microsoft Visual Studio Solution File, Format Version 11.00
# Visual Studio 2010
Project("{FAE04EC0-301F-11D3-BF4B-00C04F79EFBC}") = "EmployeeServiceHost", "EmployeeServiceHost\EmployeeServiceHost.csproj", "{4BF00122-9D0B-4DB7-9BA8-0BB65F161F87}"
EndProject
Project("{FAE04EC0-301F-11D3-BF4B-00C04F79EFBC}") = "EmployeeService", "EmployeeService\EmployeeService.csproj", "{C74B9EDF-DB68-4C7C-A009-354EFD200276}"
EndProject
Global
	GlobalSection(SubversionScc) = preSolution
		Svn-Managed = True
		Manager = AnkhSVN - Subversion Support for Visual Studio
	EndGlobalSection
	GlobalSection(SolutionConfigurationPlatforms) = preSolution
		Debug|Any CPU = Debug|Any CPU
		Debug|Mixed Platforms = Debug|Mixed Platforms
		Debug|x86 = Debug|x86
		Release|Any CPU = Release|Any CPU
		Release|Mixed Platforms = Release|Mixed Platforms
		Release|x86 = Release|x86
	EndGlobalSection
	GlobalSection(ProjectConfigurationPlatforms) = postSolution
		{4BF00122-9D0B-4DB7-9BA8-0BB65F161F87}.Debug|Any CPU.ActiveCfg = Debug|x86
		{4BF00122-9D0B-4DB7-9BA8-0BB65F161F87}.Debug|Mixed Platforms.ActiveCfg = Debug|x86
		{4BF00122-9D0B-4DB7-9BA8-0BB65F161F87}.Debug|Mixed Platforms.Build.0 = Debug|x86
		{4BF00122-9D0B-4DB7-9BA8-0BB65F161F87}.Debug|x86.ActiveCfg = Debug|x86
		{4BF00122-9D0B-4DB7-9BA8-0BB65F161F87}.Debug|x86.Build.0 = Debug|x86
		{4BF00122-9D0B-4DB7-9BA8-0BB65F161F87}.Release|Any CPU.ActiveCfg = Release|x86
		{4BF00122-9D0B-4DB7-9BA8-0BB65F161F87}.Release|Mixed Platforms.ActiveCfg = Release|x86
		{4BF00122-9D0B-4DB7-9BA8-0BB65F161F87}.Release|Mixed Platforms.Build.0 = Release|x86
		{4BF00122-9D0B-4DB7-9BA8-0BB65F161F87}.Release|x86.ActiveCfg = Release|x86
		{4BF00122-9D0B-4DB7-9BA8-0BB65F161F87}.Release|x86.Build.0 = Release|x86
		{C74B9EDF-DB68-4C7C-A009-354EFD200276}.Debug|Any CPU.ActiveCfg = Debug|Any CPU
		{C74B9EDF-DB68-4C7C-A009-354EFD200276}.Debug|Any CPU.Build.0 = Debug|Any CPU
		{C74B9EDF-DB68-4C7C-A009-354EFD200276}.Debug|Mixed Platforms.ActiveCfg = Debug|Any CPU
		{C74B9EDF-DB68-4C7C-A009-354EFD200276}.Debug|Mixed Platforms.Build.0 = Debug|Any CPU
		{C74B9EDF-DB68-4C7C-A009-354EFD200276}.Debug|x86.ActiveCfg = Debug|Any CPU
		{C74B9EDF-DB68-4C7C-A009-354EFD200276}.Release|Any CPU.ActiveCfg = Release|Any CPU
		{C74B9EDF-DB68-4C7C-A009-354EFD200276}.Release|Any CPU.Build.0 = Release|Any CPU
		{C74B9EDF-DB68-4C7C-A009-354EFD200276}.Release|Mixed Platforms.ActiveCfg = Release|Any CPU
		{C74B9EDF-DB68-4C7C-A009-354EFD200276}.Release|Mixed Platforms.Build.0 = Release|Any CPU
		{C74B9EDF-DB68-4C7C-A009-354EFD200276}.Release|x86.ActiveCfg = Release|Any CPU
	EndGlobalSection
	GlobalSection(SolutionProperties) = preSolution
		HideSolutionNode = FALSE
	EndGlobalSection
EndGlobal
