
Microsoft Visual Studio Solution File, Format Version 12.00
# Visual Studio 2013
VisualStudioVersion = 12.0.31101.0
MinimumVisualStudioVersion = 10.0.40219.1
Project("{FAE04EC0-301F-11D3-BF4B-00C04F79EFBC}") = "WindowsFormsApplication1", "WindowsFormsApplication1\WindowsFormsApplication1.csproj", "{BA701789-7CA6-4DD0-A425-65CA94724940}"
EndProject
Project("{2150E333-8FDC-42A3-9474-1A3956D46DE8}") = "Solution Items", "Solution Items", "{6286AFCD-082A-4097-A247-834FD53F8DC7}"
	ProjectSection(SolutionItems) = preProject
		ReadMe.txt = ReadMe.txt
	EndProjectSection
EndProject
Global
	GlobalSection(SolutionConfigurationPlatforms) = preSolution
		Debug|Any CPU = Debug|Any CPU
		Release|Any CPU = Release|Any CPU
	EndGlobalSection
	GlobalSection(ProjectConfigurationPlatforms) = postSolution
		{BA701789-7CA6-4DD0-A425-65CA94724940}.Debug|Any CPU.ActiveCfg = Debug|Any CPU
		{BA701789-7CA6-4DD0-A425-65CA94724940}.Debug|Any CPU.Build.0 = Debug|Any CPU
		{BA701789-7CA6-4DD0-A425-65CA94724940}.Release|Any CPU.ActiveCfg = Release|Any CPU
		{BA701789-7CA6-4DD0-A425-65CA94724940}.Release|Any CPU.Build.0 = Release|Any CPU
	EndGlobalSection
	GlobalSection(SolutionProperties) = preSolution
		HideSolutionNode = FALSE
	EndGlobalSection
EndGlobal
