
Microsoft Visual Studio Solution File, Format Version 11.00
# Visual Studio 2010
Project("{FAE04EC0-301F-11D3-BF4B-00C04F79EFBC}") = "EmployeeService", "EmployeeService\EmployeeService.csproj", "{873F3372-9FEA-4063-9F1E-5B9EA5920182}"
EndProject
Global
	GlobalSection(SolutionConfigurationPlatforms) = preSolution
		Debug|Any CPU = Debug|Any CPU
		Release|Any CPU = Release|Any CPU
	EndGlobalSection
	GlobalSection(ProjectConfigurationPlatforms) = postSolution
		{873F3372-9FEA-4063-9F1E-5B9EA5920182}.Debug|Any CPU.ActiveCfg = Debug|Any CPU
		{873F3372-9FEA-4063-9F1E-5B9EA5920182}.Debug|Any CPU.Build.0 = Debug|Any CPU
		{873F3372-9FEA-4063-9F1E-5B9EA5920182}.Release|Any CPU.ActiveCfg = Release|Any CPU
		{873F3372-9FEA-4063-9F1E-5B9EA5920182}.Release|Any CPU.Build.0 = Release|Any CPU
	EndGlobalSection
	GlobalSection(SolutionProperties) = preSolution
		HideSolutionNode = FALSE
	EndGlobalSection
EndGlobal
