
Microsoft Visual Studio Solution File, Format Version 12.00
# Visual Studio 2013
VisualStudioVersion = 12.0.31101.0
MinimumVisualStudioVersion = 10.0.40219.1
Project("{FAE04EC0-301F-11D3-BF4B-00C04F79EFBC}") = "Builder", "Builder\Builder.csproj", "{C3FCC812-689F-4CA1-ABFA-B81B3AFA5ECA}"
EndProject
Project("{FAE04EC0-301F-11D3-BF4B-00C04F79EFBC}") = "Adapter", "Adapter\Adapter.csproj", "{8CBE1BA5-F4FB-414B-B659-98C7DA032358}"
EndProject
Project("{FAE04EC0-301F-11D3-BF4B-00C04F79EFBC}") = "Bridge", "Bridge\Bridge.csproj", "{32C94B39-4D7F-4335-A51B-47D0E1635F2A}"
EndProject
Project("{FAE04EC0-301F-11D3-BF4B-00C04F79EFBC}") = "ChainOfResponsibility", "ChainOfResponsibility\ChainOfResponsibility.csproj", "{66F032AF-A5E3-40E9-9416-F66C024296F5}"
EndProject
Project("{FAE04EC0-301F-11D3-BF4B-00C04F79EFBC}") = "Command", "Command\Command.csproj", "{DACD3D1A-A0F1-4846-8DC8-D01EB1BC1F98}"
EndProject
Project("{FAE04EC0-301F-11D3-BF4B-00C04F79EFBC}") = "Composite", "Composite\Composite.csproj", "{BC9D8E4C-F66D-403F-84D9-D043CDB37B1E}"
EndProject
Project("{FAE04EC0-301F-11D3-BF4B-00C04F79EFBC}") = "Decorator", "Decorator\Decorator.csproj", "{CBACCF6C-FE6B-4088-81EB-67999B87E8DA}"
EndProject
Project("{FAE04EC0-301F-11D3-BF4B-00C04F79EFBC}") = "EventAggregator2", "EventAggregator2\EventAggregator2.csproj", "{5220BC19-DBBB-4636-9B31-0B0386608CD5}"
EndProject
Project("{FAE04EC0-301F-11D3-BF4B-00C04F79EFBC}") = "FaÇade", "FaÇade\FaÇade.csproj", "{A97CE7B2-622F-4837-90D5-B7441FCCEAE5}"
EndProject
Project("{FAE04EC0-301F-11D3-BF4B-00C04F79EFBC}") = "Factories", "Factories\Factories.csproj", "{997EEFAC-98F3-40CF-A078-9247BA595DDD}"
EndProject
Project("{FAE04EC0-301F-11D3-BF4B-00C04F79EFBC}") = "Flyweight", "Flyweight\Flyweight.csproj", "{5824B740-533A-4756-866A-23906B1623A1}"
EndProject
Global
	GlobalSection(SolutionConfigurationPlatforms) = preSolution
		Debug|Any CPU = Debug|Any CPU
		Release|Any CPU = Release|Any CPU
	EndGlobalSection
	GlobalSection(ProjectConfigurationPlatforms) = postSolution
		{C3FCC812-689F-4CA1-ABFA-B81B3AFA5ECA}.Debug|Any CPU.ActiveCfg = Debug|Any CPU
		{C3FCC812-689F-4CA1-ABFA-B81B3AFA5ECA}.Debug|Any CPU.Build.0 = Debug|Any CPU
		{C3FCC812-689F-4CA1-ABFA-B81B3AFA5ECA}.Release|Any CPU.ActiveCfg = Release|Any CPU
		{C3FCC812-689F-4CA1-ABFA-B81B3AFA5ECA}.Release|Any CPU.Build.0 = Release|Any CPU
		{8CBE1BA5-F4FB-414B-B659-98C7DA032358}.Debug|Any CPU.ActiveCfg = Debug|Any CPU
		{8CBE1BA5-F4FB-414B-B659-98C7DA032358}.Debug|Any CPU.Build.0 = Debug|Any CPU
		{8CBE1BA5-F4FB-414B-B659-98C7DA032358}.Release|Any CPU.ActiveCfg = Release|Any CPU
		{8CBE1BA5-F4FB-414B-B659-98C7DA032358}.Release|Any CPU.Build.0 = Release|Any CPU
		{32C94B39-4D7F-4335-A51B-47D0E1635F2A}.Debug|Any CPU.ActiveCfg = Debug|Any CPU
		{32C94B39-4D7F-4335-A51B-47D0E1635F2A}.Debug|Any CPU.Build.0 = Debug|Any CPU
		{32C94B39-4D7F-4335-A51B-47D0E1635F2A}.Release|Any CPU.ActiveCfg = Release|Any CPU
		{32C94B39-4D7F-4335-A51B-47D0E1635F2A}.Release|Any CPU.Build.0 = Release|Any CPU
		{66F032AF-A5E3-40E9-9416-F66C024296F5}.Debug|Any CPU.ActiveCfg = Debug|Any CPU
		{66F032AF-A5E3-40E9-9416-F66C024296F5}.Debug|Any CPU.Build.0 = Debug|Any CPU
		{66F032AF-A5E3-40E9-9416-F66C024296F5}.Release|Any CPU.ActiveCfg = Release|Any CPU
		{66F032AF-A5E3-40E9-9416-F66C024296F5}.Release|Any CPU.Build.0 = Release|Any CPU
		{DACD3D1A-A0F1-4846-8DC8-D01EB1BC1F98}.Debug|Any CPU.ActiveCfg = Debug|Any CPU
		{DACD3D1A-A0F1-4846-8DC8-D01EB1BC1F98}.Debug|Any CPU.Build.0 = Debug|Any CPU
		{DACD3D1A-A0F1-4846-8DC8-D01EB1BC1F98}.Release|Any CPU.ActiveCfg = Release|Any CPU
		{DACD3D1A-A0F1-4846-8DC8-D01EB1BC1F98}.Release|Any CPU.Build.0 = Release|Any CPU
		{BC9D8E4C-F66D-403F-84D9-D043CDB37B1E}.Debug|Any CPU.ActiveCfg = Debug|Any CPU
		{BC9D8E4C-F66D-403F-84D9-D043CDB37B1E}.Debug|Any CPU.Build.0 = Debug|Any CPU
		{BC9D8E4C-F66D-403F-84D9-D043CDB37B1E}.Release|Any CPU.ActiveCfg = Release|Any CPU
		{BC9D8E4C-F66D-403F-84D9-D043CDB37B1E}.Release|Any CPU.Build.0 = Release|Any CPU
		{CBACCF6C-FE6B-4088-81EB-67999B87E8DA}.Debug|Any CPU.ActiveCfg = Debug|Any CPU
		{CBACCF6C-FE6B-4088-81EB-67999B87E8DA}.Debug|Any CPU.Build.0 = Debug|Any CPU
		{CBACCF6C-FE6B-4088-81EB-67999B87E8DA}.Release|Any CPU.ActiveCfg = Release|Any CPU
		{CBACCF6C-FE6B-4088-81EB-67999B87E8DA}.Release|Any CPU.Build.0 = Release|Any CPU
		{5220BC19-DBBB-4636-9B31-0B0386608CD5}.Debug|Any CPU.ActiveCfg = Debug|Any CPU
		{5220BC19-DBBB-4636-9B31-0B0386608CD5}.Debug|Any CPU.Build.0 = Debug|Any CPU
		{5220BC19-DBBB-4636-9B31-0B0386608CD5}.Release|Any CPU.ActiveCfg = Release|Any CPU
		{5220BC19-DBBB-4636-9B31-0B0386608CD5}.Release|Any CPU.Build.0 = Release|Any CPU
		{A97CE7B2-622F-4837-90D5-B7441FCCEAE5}.Debug|Any CPU.ActiveCfg = Debug|Any CPU
		{A97CE7B2-622F-4837-90D5-B7441FCCEAE5}.Debug|Any CPU.Build.0 = Debug|Any CPU
		{A97CE7B2-622F-4837-90D5-B7441FCCEAE5}.Release|Any CPU.ActiveCfg = Release|Any CPU
		{A97CE7B2-622F-4837-90D5-B7441FCCEAE5}.Release|Any CPU.Build.0 = Release|Any CPU
		{997EEFAC-98F3-40CF-A078-9247BA595DDD}.Debug|Any CPU.ActiveCfg = Debug|Any CPU
		{997EEFAC-98F3-40CF-A078-9247BA595DDD}.Debug|Any CPU.Build.0 = Debug|Any CPU
		{997EEFAC-98F3-40CF-A078-9247BA595DDD}.Release|Any CPU.ActiveCfg = Release|Any CPU
		{997EEFAC-98F3-40CF-A078-9247BA595DDD}.Release|Any CPU.Build.0 = Release|Any CPU
		{5824B740-533A-4756-866A-23906B1623A1}.Debug|Any CPU.ActiveCfg = Debug|Any CPU
		{5824B740-533A-4756-866A-23906B1623A1}.Debug|Any CPU.Build.0 = Debug|Any CPU
		{5824B740-533A-4756-866A-23906B1623A1}.Release|Any CPU.ActiveCfg = Release|Any CPU
		{5824B740-533A-4756-866A-23906B1623A1}.Release|Any CPU.Build.0 = Release|Any CPU
	EndGlobalSection
	GlobalSection(SolutionProperties) = preSolution
		HideSolutionNode = FALSE
	EndGlobalSection
EndGlobal
