
Microsoft Visual Studio Solution File, Format Version 12.00
# Visual Studio 2013
VisualStudioVersion = 12.0.31101.0
MinimumVisualStudioVersion = 10.0.40219.1
Project("{FAE04EC0-301F-11D3-BF4B-00C04F79EFBC}") = "Geolib.Cy.Core", "Geolib.Cy.Core\Geolib.Cy.Core.csproj", "{FE35B211-A6A2-4914-94E4-736DF6691C7F}"
EndProject
Project("{FAE04EC0-301F-11D3-BF4B-00C04F79EFBC}") = "GeoLib.Cy.Data", "GeoLib.Cy.Data\GeoLib.Cy.Data.csproj", "{02F12A74-6FC4-4F27-AD70-DB7B353B0D84}"
EndProject
Project("{FAE04EC0-301F-11D3-BF4B-00C04F79EFBC}") = "Geolib.Cy.Contracts", "Geolib.Cy.Contracts\Geolib.Cy.Contracts.csproj", "{7CDA2A3E-7253-4414-B1C9-7704543638D0}"
EndProject
Project("{FAE04EC0-301F-11D3-BF4B-00C04F79EFBC}") = "Geolib.Cy.Services", "Geolib.Cy.Services\Geolib.Cy.Services.csproj", "{74FB036E-5948-40E7-8F5F-AA450BCD5D57}"
EndProject
Global
	GlobalSection(SolutionConfigurationPlatforms) = preSolution
		Debug|Any CPU = Debug|Any CPU
		Release|Any CPU = Release|Any CPU
	EndGlobalSection
	GlobalSection(ProjectConfigurationPlatforms) = postSolution
		{FE35B211-A6A2-4914-94E4-736DF6691C7F}.Debug|Any CPU.ActiveCfg = Debug|Any CPU
		{FE35B211-A6A2-4914-94E4-736DF6691C7F}.Debug|Any CPU.Build.0 = Debug|Any CPU
		{FE35B211-A6A2-4914-94E4-736DF6691C7F}.Release|Any CPU.ActiveCfg = Release|Any CPU
		{FE35B211-A6A2-4914-94E4-736DF6691C7F}.Release|Any CPU.Build.0 = Release|Any CPU
		{02F12A74-6FC4-4F27-AD70-DB7B353B0D84}.Debug|Any CPU.ActiveCfg = Debug|Any CPU
		{02F12A74-6FC4-4F27-AD70-DB7B353B0D84}.Debug|Any CPU.Build.0 = Debug|Any CPU
		{02F12A74-6FC4-4F27-AD70-DB7B353B0D84}.Release|Any CPU.ActiveCfg = Release|Any CPU
		{02F12A74-6FC4-4F27-AD70-DB7B353B0D84}.Release|Any CPU.Build.0 = Release|Any CPU
		{7CDA2A3E-7253-4414-B1C9-7704543638D0}.Debug|Any CPU.ActiveCfg = Debug|Any CPU
		{7CDA2A3E-7253-4414-B1C9-7704543638D0}.Debug|Any CPU.Build.0 = Debug|Any CPU
		{7CDA2A3E-7253-4414-B1C9-7704543638D0}.Release|Any CPU.ActiveCfg = Release|Any CPU
		{7CDA2A3E-7253-4414-B1C9-7704543638D0}.Release|Any CPU.Build.0 = Release|Any CPU
		{74FB036E-5948-40E7-8F5F-AA450BCD5D57}.Debug|Any CPU.ActiveCfg = Debug|Any CPU
		{74FB036E-5948-40E7-8F5F-AA450BCD5D57}.Debug|Any CPU.Build.0 = Debug|Any CPU
		{74FB036E-5948-40E7-8F5F-AA450BCD5D57}.Release|Any CPU.ActiveCfg = Release|Any CPU
		{74FB036E-5948-40E7-8F5F-AA450BCD5D57}.Release|Any CPU.Build.0 = Release|Any CPU
	EndGlobalSection
	GlobalSection(SolutionProperties) = preSolution
		HideSolutionNode = FALSE
	EndGlobalSection
EndGlobal
